
Microsoft Visual Studio Solution File, Format Version 12.00
# Visual Studio Version 17
VisualStudioVersion = 17.10.35027.167
MinimumVisualStudioVersion = 10.0.40219.1
Project("{9A19103F-16F7-4668-BE54-9A1E7A4F7556}") = "API", "API\API.csproj", "{DEBFE2E8-5C69-46C6-96FB-E61CAAD777C2}"
EndProject
Project("{9A19103F-16F7-4668-BE54-9A1E7A4F7556}") = "Core", "Core\Core.csproj", "{0AC135CB-45B7-402C-AAF7-31BF1EEE6834}"
EndProject
Project("{9A19103F-16F7-4668-BE54-9A1E7A4F7556}") = "Repository", "Repository\Repository.csproj", "{0D750511-02C3-455A-A473-28393DDB8046}"
EndProject
Project("{9A19103F-16F7-4668-BE54-9A1E7A4F7556}") = "Service", "Service\Service.csproj", "{00E6259E-42EA-4339-A659-2C2201AE8699}"
EndProject
Global
	GlobalSection(SolutionConfigurationPlatforms) = preSolution
		Debug|Any CPU = Debug|Any CPU
		Release|Any CPU = Release|Any CPU
	EndGlobalSection
	GlobalSection(ProjectConfigurationPlatforms) = postSolution
		{DEBFE2E8-5C69-46C6-96FB-E61CAAD777C2}.Debug|Any CPU.ActiveCfg = Debug|Any CPU
		{DEBFE2E8-5C69-46C6-96FB-E61CAAD777C2}.Debug|Any CPU.Build.0 = Debug|Any CPU
		{DEBFE2E8-5C69-46C6-96FB-E61CAAD777C2}.Release|Any CPU.ActiveCfg = Release|Any CPU
		{DEBFE2E8-5C69-46C6-96FB-E61CAAD777C2}.Release|Any CPU.Build.0 = Release|Any CPU
		{0AC135CB-45B7-402C-AAF7-31BF1EEE6834}.Debug|Any CPU.ActiveCfg = Debug|Any CPU
		{0AC135CB-45B7-402C-AAF7-31BF1EEE6834}.Debug|Any CPU.Build.0 = Debug|Any CPU
		{0AC135CB-45B7-402C-AAF7-31BF1EEE6834}.Release|Any CPU.ActiveCfg = Release|Any CPU
		{0AC135CB-45B7-402C-AAF7-31BF1EEE6834}.Release|Any CPU.Build.0 = Release|Any CPU
		{0D750511-02C3-455A-A473-28393DDB8046}.Debug|Any CPU.ActiveCfg = Debug|Any CPU
		{0D750511-02C3-455A-A473-28393DDB8046}.Debug|Any CPU.Build.0 = Debug|Any CPU
		{0D750511-02C3-455A-A473-28393DDB8046}.Release|Any CPU.ActiveCfg = Release|Any CPU
		{0D750511-02C3-455A-A473-28393DDB8046}.Release|Any CPU.Build.0 = Release|Any CPU
		{00E6259E-42EA-4339-A659-2C2201AE8699}.Debug|Any CPU.ActiveCfg = Debug|Any CPU
		{00E6259E-42EA-4339-A659-2C2201AE8699}.Debug|Any CPU.Build.0 = Debug|Any CPU
		{00E6259E-42EA-4339-A659-2C2201AE8699}.Release|Any CPU.ActiveCfg = Release|Any CPU
		{00E6259E-42EA-4339-A659-2C2201AE8699}.Release|Any CPU.Build.0 = Release|Any CPU
	EndGlobalSection
	GlobalSection(SolutionProperties) = preSolution
		HideSolutionNode = FALSE
	EndGlobalSection
	GlobalSection(ExtensibilityGlobals) = postSolution
		SolutionGuid = {3FA04E5C-3563-4362-9B80-9F18540BA6AD}
	EndGlobalSection
EndGlobal
